// !$*UTF8*$!
{
	archiveVersion = 1;
	classes = {
	};
	objectVersion = 56;
	objects = {

/* Begin PBXBuildFile section */
		47052AE22BC7AE4E005F65AE /* PalCharacterCard.swift in Sources */ = {isa = PBXBuildFile; fileRef = 47052AE12BC7AE4E005F65AE /* PalCharacterCard.swift */; };
		47D471802BC65EBA00001CE8 /* MainView.swift in Sources */ = {isa = PBXBuildFile; fileRef = 47D4717F2BC65EBA00001CE8 /* MainView.swift */; };
		47D471832BC66B6B00001CE8 /* PalCharacter.swift in Sources */ = {isa = PBXBuildFile; fileRef = 47D471822BC66B6B00001CE8 /* PalCharacter.swift */; };
		47D4718A2BC681A700001CE8 /* ImageButton.swift in Sources */ = {isa = PBXBuildFile; fileRef = 47D471892BC681A700001CE8 /* ImageButton.swift */; };
		47D4718D2BC74B1F00001CE8 /* PalDeckView.swift in Sources */ = {isa = PBXBuildFile; fileRef = 47D4718C2BC74B1F00001CE8 /* PalDeckView.swift */; };
		47D4718F2BC74B2700001CE8 /* CampsView.swift in Sources */ = {isa = PBXBuildFile; fileRef = 47D4718E2BC74B2700001CE8 /* CampsView.swift */; };
		47D471922BC74B3A00001CE8 /* WorldMapView.swift in Sources */ = {isa = PBXBuildFile; fileRef = 47D471912BC74B3A00001CE8 /* WorldMapView.swift */; };
		47D471942BC74B4700001CE8 /* SettingsView.swift in Sources */ = {isa = PBXBuildFile; fileRef = 47D471932BC74B4700001CE8 /* SettingsView.swift */; };
		47D471962BC74B8600001CE8 /* PalDeckViewModel.swift in Sources */ = {isa = PBXBuildFile; fileRef = 47D471952BC74B8600001CE8 /* PalDeckViewModel.swift */; };
		47D471982BC74B8D00001CE8 /* CampsViewModel.swift in Sources */ = {isa = PBXBuildFile; fileRef = 47D471972BC74B8D00001CE8 /* CampsViewModel.swift */; };
		47D4719A2BC74B9700001CE8 /* MainViewModel.swift in Sources */ = {isa = PBXBuildFile; fileRef = 47D471992BC74B9700001CE8 /* MainViewModel.swift */; };
		47D4719C2BC74BA100001CE8 /* WorldMapViewModel.swift in Sources */ = {isa = PBXBuildFile; fileRef = 47D4719B2BC74BA100001CE8 /* WorldMapViewModel.swift */; };
		47D4719E2BC74BA800001CE8 /* SettingsViewModel.swift in Sources */ = {isa = PBXBuildFile; fileRef = 47D4719D2BC74BA800001CE8 /* SettingsViewModel.swift */; };
		C6CE68962B97FE780035B995 /* PalRepoApp.swift in Sources */ = {isa = PBXBuildFile; fileRef = C6CE68952B97FE780035B995 /* PalRepoApp.swift */; };
		C6CE689C2B97FE790035B995 /* Assets.xcassets in Resources */ = {isa = PBXBuildFile; fileRef = C6CE689B2B97FE790035B995 /* Assets.xcassets */; };
		C6CE68A72B97FE820035B995 /* LICENSE in Resources */ = {isa = PBXBuildFile; fileRef = C6CE68A52B97FE820035B995 /* LICENSE */; };
		C6CE68A82B97FE820035B995 /* README.md in Resources */ = {isa = PBXBuildFile; fileRef = C6CE68A62B97FE820035B995 /* README.md */; };
		C6CE68AA2B97FFE90035B995 /* pals.json in Resources */ = {isa = PBXBuildFile; fileRef = C6CE68A92B97FFE90035B995 /* pals.json */; };
/* End PBXBuildFile section */

/* Begin PBXFileReference section */
		47052AE12BC7AE4E005F65AE /* PalCharacterCard.swift */ = {isa = PBXFileReference; lastKnownFileType = sourcecode.swift; path = PalCharacterCard.swift; sourceTree = "<group>"; };
		47D4717F2BC65EBA00001CE8 /* MainView.swift */ = {isa = PBXFileReference; lastKnownFileType = sourcecode.swift; path = MainView.swift; sourceTree = "<group>"; };
		47D471822BC66B6B00001CE8 /* PalCharacter.swift */ = {isa = PBXFileReference; lastKnownFileType = sourcecode.swift; path = PalCharacter.swift; sourceTree = "<group>"; };
		47D471892BC681A700001CE8 /* ImageButton.swift */ = {isa = PBXFileReference; lastKnownFileType = sourcecode.swift; path = ImageButton.swift; sourceTree = "<group>"; };
		47D4718C2BC74B1F00001CE8 /* PalDeckView.swift */ = {isa = PBXFileReference; lastKnownFileType = sourcecode.swift; path = PalDeckView.swift; sourceTree = "<group>"; };
		47D4718E2BC74B2700001CE8 /* CampsView.swift */ = {isa = PBXFileReference; lastKnownFileType = sourcecode.swift; path = CampsView.swift; sourceTree = "<group>"; };
		47D471912BC74B3A00001CE8 /* WorldMapView.swift */ = {isa = PBXFileReference; lastKnownFileType = sourcecode.swift; path = WorldMapView.swift; sourceTree = "<group>"; };
		47D471932BC74B4700001CE8 /* SettingsView.swift */ = {isa = PBXFileReference; lastKnownFileType = sourcecode.swift; path = SettingsView.swift; sourceTree = "<group>"; };
		47D471952BC74B8600001CE8 /* PalDeckViewModel.swift */ = {isa = PBXFileReference; lastKnownFileType = sourcecode.swift; path = PalDeckViewModel.swift; sourceTree = "<group>"; };
		47D471972BC74B8D00001CE8 /* CampsViewModel.swift */ = {isa = PBXFileReference; lastKnownFileType = sourcecode.swift; path = CampsViewModel.swift; sourceTree = "<group>"; };
		47D471992BC74B9700001CE8 /* MainViewModel.swift */ = {isa = PBXFileReference; lastKnownFileType = sourcecode.swift; path = MainViewModel.swift; sourceTree = "<group>"; };
		47D4719B2BC74BA100001CE8 /* WorldMapViewModel.swift */ = {isa = PBXFileReference; lastKnownFileType = sourcecode.swift; path = WorldMapViewModel.swift; sourceTree = "<group>"; };
		47D4719D2BC74BA800001CE8 /* SettingsViewModel.swift */ = {isa = PBXFileReference; lastKnownFileType = sourcecode.swift; path = SettingsViewModel.swift; sourceTree = "<group>"; };
		47D4719F2BC74C6B00001CE8 /* README_VM.md */ = {isa = PBXFileReference; lastKnownFileType = net.daringfireball.markdown; path = README_VM.md; sourceTree = "<group>"; };
		47D471A02BC74C8200001CE8 /* README_V.md */ = {isa = PBXFileReference; lastKnownFileType = net.daringfireball.markdown; path = README_V.md; sourceTree = "<group>"; };
		47D471A12BC74C8B00001CE8 /* README_M.md */ = {isa = PBXFileReference; lastKnownFileType = net.daringfireball.markdown; path = README_M.md; sourceTree = "<group>"; };
		47D471A42BC777CF00001CE8 /* LearningSwiftData.md */ = {isa = PBXFileReference; explicitFileType = net.daringfireball.markdown; path = LearningSwiftData.md; sourceTree = "<group>"; };
		C6CE68922B97FE780035B995 /* PalRepo.app */ = {isa = PBXFileReference; explicitFileType = wrapper.application; includeInIndex = 0; path = PalRepo.app; sourceTree = BUILT_PRODUCTS_DIR; };
		C6CE68952B97FE780035B995 /* PalRepoApp.swift */ = {isa = PBXFileReference; lastKnownFileType = sourcecode.swift; path = PalRepoApp.swift; sourceTree = "<group>"; };
		C6CE689B2B97FE790035B995 /* Assets.xcassets */ = {isa = PBXFileReference; lastKnownFileType = folder.assetcatalog; path = Assets.xcassets; sourceTree = "<group>"; };
		C6CE68A52B97FE820035B995 /* LICENSE */ = {isa = PBXFileReference; fileEncoding = 4; lastKnownFileType = text; name = LICENSE; path = ../LICENSE; sourceTree = "<group>"; };
		C6CE68A62B97FE820035B995 /* README.md */ = {isa = PBXFileReference; fileEncoding = 4; lastKnownFileType = net.daringfireball.markdown; name = README.md; path = ../README.md; sourceTree = "<group>"; };
		C6CE68A92B97FFE90035B995 /* pals.json */ = {isa = PBXFileReference; lastKnownFileType = text.json; path = pals.json; sourceTree = "<group>"; };
/* End PBXFileReference section */

/* Begin PBXFrameworksBuildPhase section */
		C6CE688F2B97FE780035B995 /* Frameworks */ = {
			isa = PBXFrameworksBuildPhase;
			buildActionMask = 2147483647;
			files = (
			);
			runOnlyForDeploymentPostprocessing = 0;
		};
/* End PBXFrameworksBuildPhase section */

/* Begin PBXGroup section */
		47D471842BC66CD000001CE8 /* Views */ = {
			isa = PBXGroup;
			children = (
				47D471A02BC74C8200001CE8 /* README_V.md */,
				47D4717F2BC65EBA00001CE8 /* MainView.swift */,
				47D4718C2BC74B1F00001CE8 /* PalDeckView.swift */,
				47D4718E2BC74B2700001CE8 /* CampsView.swift */,
				47D471912BC74B3A00001CE8 /* WorldMapView.swift */,
				47D471932BC74B4700001CE8 /* SettingsView.swift */,
			);
			path = Views;
			sourceTree = "<group>";
		};
		47D471852BC66CD800001CE8 /* ViewModels */ = {
			isa = PBXGroup;
			children = (
				47D4719F2BC74C6B00001CE8 /* README_VM.md */,
				47D471992BC74B9700001CE8 /* MainViewModel.swift */,
				47D471952BC74B8600001CE8 /* PalDeckViewModel.swift */,
				47D471972BC74B8D00001CE8 /* CampsViewModel.swift */,
				47D4719B2BC74BA100001CE8 /* WorldMapViewModel.swift */,
				47D4719D2BC74BA800001CE8 /* SettingsViewModel.swift */,
			);
			path = ViewModels;
			sourceTree = "<group>";
		};
		47D471862BC66CDF00001CE8 /* Models */ = {
			isa = PBXGroup;
			children = (
				47D471A12BC74C8B00001CE8 /* README_M.md */,
				47D471882BC6818A00001CE8 /* UI Models */,
				47D471872BC6818200001CE8 /* Data Models */,
			);
			path = Models;
			sourceTree = "<group>";
		};
		47D471872BC6818200001CE8 /* Data Models */ = {
			isa = PBXGroup;
			children = (
				47D471822BC66B6B00001CE8 /* PalCharacter.swift */,
			);
			path = "Data Models";
			sourceTree = "<group>";
		};
		47D471882BC6818A00001CE8 /* UI Models */ = {
			isa = PBXGroup;
			children = (
				47052AE12BC7AE4E005F65AE /* PalCharacterCard.swift */,
				47D471892BC681A700001CE8 /* ImageButton.swift */,
			);
			path = "UI Models";
			sourceTree = "<group>";
		};
		47D4718B2BC6833400001CE8 /* Resources */ = {
			isa = PBXGroup;
			children = (
				47D471A52BC779B900001CE8 /* LearningSwiftData */,
				C6CE68952B97FE780035B995 /* PalRepoApp.swift */,
				C6CE689B2B97FE790035B995 /* Assets.xcassets */,
				C6CE68A92B97FFE90035B995 /* pals.json */,
			);
			path = Resources;
			sourceTree = "<group>";
		};
		47D471A52BC779B900001CE8 /* LearningSwiftData */ = {
			isa = PBXGroup;
			children = (
				47D471A42BC777CF00001CE8 /* LearningSwiftData.md */,
			);
			path = LearningSwiftData;
			sourceTree = "<group>";
		};
		C6CE68892B97FE780035B995 = {
			isa = PBXGroup;
			children = (
				C6CE68A52B97FE820035B995 /* LICENSE */,
				C6CE68A62B97FE820035B995 /* README.md */,
				47D4718B2BC6833400001CE8 /* Resources */,
				47D471862BC66CDF00001CE8 /* Models */,
				47D471842BC66CD000001CE8 /* Views */,
				47D471852BC66CD800001CE8 /* ViewModels */,
				C6CE68932B97FE780035B995 /* Products */,
			);
			sourceTree = "<group>";
		};
		C6CE68932B97FE780035B995 /* Products */ = {
			isa = PBXGroup;
			children = (
				C6CE68922B97FE780035B995 /* PalRepo.app */,
			);
			name = Products;
			sourceTree = "<group>";
		};
/* End PBXGroup section */

/* Begin PBXNativeTarget section */
		C6CE68912B97FE780035B995 /* PalRepo */ = {
			isa = PBXNativeTarget;
			buildConfigurationList = C6CE68A22B97FE790035B995 /* Build configuration list for PBXNativeTarget "PalRepo" */;
			buildPhases = (
				C6CE688E2B97FE780035B995 /* Sources */,
				C6CE688F2B97FE780035B995 /* Frameworks */,
				C6CE68902B97FE780035B995 /* Resources */,
			);
			buildRules = (
			);
			dependencies = (
			);
			name = PalRepo;
			productName = PalRepo;
			productReference = C6CE68922B97FE780035B995 /* PalRepo.app */;
			productType = "com.apple.product-type.application";
		};
/* End PBXNativeTarget section */

/* Begin PBXProject section */
		C6CE688A2B97FE780035B995 /* Project object */ = {
			isa = PBXProject;
			attributes = {
				BuildIndependentTargetsInParallel = 1;
				LastSwiftUpdateCheck = 1520;
				LastUpgradeCheck = 1520;
				TargetAttributes = {
					C6CE68912B97FE780035B995 = {
						CreatedOnToolsVersion = 15.2;
					};
				};
			};
			buildConfigurationList = C6CE688D2B97FE780035B995 /* Build configuration list for PBXProject "PalRepo" */;
			compatibilityVersion = "Xcode 14.0";
			developmentRegion = en;
			hasScannedForEncodings = 0;
			knownRegions = (
				en,
				Base,
			);
			mainGroup = C6CE68892B97FE780035B995;
			productRefGroup = C6CE68932B97FE780035B995 /* Products */;
			projectDirPath = "";
			projectRoot = "";
			targets = (
				C6CE68912B97FE780035B995 /* PalRepo */,
			);
		};
/* End PBXProject section */

/* Begin PBXResourcesBuildPhase section */
		C6CE68902B97FE780035B995 /* Resources */ = {
			isa = PBXResourcesBuildPhase;
			buildActionMask = 2147483647;
			files = (
				C6CE68AA2B97FFE90035B995 /* pals.json in Resources */,
				C6CE68A72B97FE820035B995 /* LICENSE in Resources */,
				C6CE68A82B97FE820035B995 /* README.md in Resources */,
				C6CE689C2B97FE790035B995 /* Assets.xcassets in Resources */,
			);
			runOnlyForDeploymentPostprocessing = 0;
		};
/* End PBXResourcesBuildPhase section */

/* Begin PBXSourcesBuildPhase section */
		C6CE688E2B97FE780035B995 /* Sources */ = {
			isa = PBXSourcesBuildPhase;
			buildActionMask = 2147483647;
			files = (
				47D471802BC65EBA00001CE8 /* MainView.swift in Sources */,
				47D471942BC74B4700001CE8 /* SettingsView.swift in Sources */,
				47D471962BC74B8600001CE8 /* PalDeckViewModel.swift in Sources */,
				47D4718F2BC74B2700001CE8 /* CampsView.swift in Sources */,
				47D4718D2BC74B1F00001CE8 /* PalDeckView.swift in Sources */,
				47D4718A2BC681A700001CE8 /* ImageButton.swift in Sources */,
				C6CE68962B97FE780035B995 /* PalRepoApp.swift in Sources */,
				47D471832BC66B6B00001CE8 /* PalCharacter.swift in Sources */,
				47D4719E2BC74BA800001CE8 /* SettingsViewModel.swift in Sources */,
				47D4719C2BC74BA100001CE8 /* WorldMapViewModel.swift in Sources */,
				47D471922BC74B3A00001CE8 /* WorldMapView.swift in Sources */,
				47D471982BC74B8D00001CE8 /* CampsViewModel.swift in Sources */,
				47D4719A2BC74B9700001CE8 /* MainViewModel.swift in Sources */,
				47052AE22BC7AE4E005F65AE /* PalCharacterCard.swift in Sources */,
			);
			runOnlyForDeploymentPostprocessing = 0;
		};
/* End PBXSourcesBuildPhase section */

/* Begin XCBuildConfiguration section */
		C6CE68A02B97FE790035B995 /* Debug */ = {
			isa = XCBuildConfiguration;
			buildSettings = {
				ALWAYS_SEARCH_USER_PATHS = NO;
				ASSETCATALOG_COMPILER_GENERATE_SWIFT_ASSET_SYMBOL_EXTENSIONS = YES;
				CLANG_ANALYZER_NONNULL = YES;
				CLANG_ANALYZER_NUMBER_OBJECT_CONVERSION = YES_AGGRESSIVE;
				CLANG_CXX_LANGUAGE_STANDARD = "gnu++20";
				CLANG_ENABLE_MODULES = YES;
				CLANG_ENABLE_OBJC_ARC = YES;
				CLANG_ENABLE_OBJC_WEAK = YES;
				CLANG_WARN_BLOCK_CAPTURE_AUTORELEASING = YES;
				CLANG_WARN_BOOL_CONVERSION = YES;
				CLANG_WARN_COMMA = YES;
				CLANG_WARN_CONSTANT_CONVERSION = YES;
				CLANG_WARN_DEPRECATED_OBJC_IMPLEMENTATIONS = YES;
				CLANG_WARN_DIRECT_OBJC_ISA_USAGE = YES_ERROR;
				CLANG_WARN_DOCUMENTATION_COMMENTS = YES;
				CLANG_WARN_EMPTY_BODY = YES;
				CLANG_WARN_ENUM_CONVERSION = YES;
				CLANG_WARN_INFINITE_RECURSION = YES;
				CLANG_WARN_INT_CONVERSION = YES;
				CLANG_WARN_NON_LITERAL_NULL_CONVERSION = YES;
				CLANG_WARN_OBJC_IMPLICIT_RETAIN_SELF = YES;
				CLANG_WARN_OBJC_LITERAL_CONVERSION = YES;
				CLANG_WARN_OBJC_ROOT_CLASS = YES_ERROR;
				CLANG_WARN_QUOTED_INCLUDE_IN_FRAMEWORK_HEADER = YES;
				CLANG_WARN_RANGE_LOOP_ANALYSIS = YES;
				CLANG_WARN_STRICT_PROTOTYPES = YES;
				CLANG_WARN_SUSPICIOUS_MOVE = YES;
				CLANG_WARN_UNGUARDED_AVAILABILITY = YES_AGGRESSIVE;
				CLANG_WARN_UNREACHABLE_CODE = YES;
				CLANG_WARN__DUPLICATE_METHOD_MATCH = YES;
				COPY_PHASE_STRIP = NO;
				DEBUG_INFORMATION_FORMAT = dwarf;
				ENABLE_STRICT_OBJC_MSGSEND = YES;
				ENABLE_TESTABILITY = YES;
				ENABLE_USER_SCRIPT_SANDBOXING = YES;
				GCC_C_LANGUAGE_STANDARD = gnu17;
				GCC_DYNAMIC_NO_PIC = NO;
				GCC_NO_COMMON_BLOCKS = YES;
				GCC_OPTIMIZATION_LEVEL = 0;
				GCC_PREPROCESSOR_DEFINITIONS = (
					"DEBUG=1",
					"$(inherited)",
				);
				GCC_WARN_64_TO_32_BIT_CONVERSION = YES;
				GCC_WARN_ABOUT_RETURN_TYPE = YES_ERROR;
				GCC_WARN_UNDECLARED_SELECTOR = YES;
				GCC_WARN_UNINITIALIZED_AUTOS = YES_AGGRESSIVE;
				GCC_WARN_UNUSED_FUNCTION = YES;
				GCC_WARN_UNUSED_VARIABLE = YES;
				IPHONEOS_DEPLOYMENT_TARGET = 17.2;
				LOCALIZATION_PREFERS_STRING_CATALOGS = YES;
				MTL_ENABLE_DEBUG_INFO = INCLUDE_SOURCE;
				MTL_FAST_MATH = YES;
				ONLY_ACTIVE_ARCH = YES;
				SDKROOT = iphoneos;
				SWIFT_ACTIVE_COMPILATION_CONDITIONS = "DEBUG $(inherited)";
				SWIFT_OPTIMIZATION_LEVEL = "-Onone";
			};
			name = Debug;
		};
		C6CE68A12B97FE790035B995 /* Release */ = {
			isa = XCBuildConfiguration;
			buildSettings = {
				ALWAYS_SEARCH_USER_PATHS = NO;
				ASSETCATALOG_COMPILER_GENERATE_SWIFT_ASSET_SYMBOL_EXTENSIONS = YES;
				CLANG_ANALYZER_NONNULL = YES;
				CLANG_ANALYZER_NUMBER_OBJECT_CONVERSION = YES_AGGRESSIVE;
				CLANG_CXX_LANGUAGE_STANDARD = "gnu++20";
				CLANG_ENABLE_MODULES = YES;
				CLANG_ENABLE_OBJC_ARC = YES;
				CLANG_ENABLE_OBJC_WEAK = YES;
				CLANG_WARN_BLOCK_CAPTURE_AUTORELEASING = YES;
				CLANG_WARN_BOOL_CONVERSION = YES;
				CLANG_WARN_COMMA = YES;
				CLANG_WARN_CONSTANT_CONVERSION = YES;
				CLANG_WARN_DEPRECATED_OBJC_IMPLEMENTATIONS = YES;
				CLANG_WARN_DIRECT_OBJC_ISA_USAGE = YES_ERROR;
				CLANG_WARN_DOCUMENTATION_COMMENTS = YES;
				CLANG_WARN_EMPTY_BODY = YES;
				CLANG_WARN_ENUM_CONVERSION = YES;
				CLANG_WARN_INFINITE_RECURSION = YES;
				CLANG_WARN_INT_CONVERSION = YES;
				CLANG_WARN_NON_LITERAL_NULL_CONVERSION = YES;
				CLANG_WARN_OBJC_IMPLICIT_RETAIN_SELF = YES;
				CLANG_WARN_OBJC_LITERAL_CONVERSION = YES;
				CLANG_WARN_OBJC_ROOT_CLASS = YES_ERROR;
				CLANG_WARN_QUOTED_INCLUDE_IN_FRAMEWORK_HEADER = YES;
				CLANG_WARN_RANGE_LOOP_ANALYSIS = YES;
				CLANG_WARN_STRICT_PROTOTYPES = YES;
				CLANG_WARN_SUSPICIOUS_MOVE = YES;
				CLANG_WARN_UNGUARDED_AVAILABILITY = YES_AGGRESSIVE;
				CLANG_WARN_UNREACHABLE_CODE = YES;
				CLANG_WARN__DUPLICATE_METHOD_MATCH = YES;
				COPY_PHASE_STRIP = NO;
				DEBUG_INFORMATION_FORMAT = "dwarf-with-dsym";
				ENABLE_NS_ASSERTIONS = NO;
				ENABLE_STRICT_OBJC_MSGSEND = YES;
				ENABLE_USER_SCRIPT_SANDBOXING = YES;
				GCC_C_LANGUAGE_STANDARD = gnu17;
				GCC_NO_COMMON_BLOCKS = YES;
				GCC_WARN_64_TO_32_BIT_CONVERSION = YES;
				GCC_WARN_ABOUT_RETURN_TYPE = YES_ERROR;
				GCC_WARN_UNDECLARED_SELECTOR = YES;
				GCC_WARN_UNINITIALIZED_AUTOS = YES_AGGRESSIVE;
				GCC_WARN_UNUSED_FUNCTION = YES;
				GCC_WARN_UNUSED_VARIABLE = YES;
				IPHONEOS_DEPLOYMENT_TARGET = 17.2;
				LOCALIZATION_PREFERS_STRING_CATALOGS = YES;
				MTL_ENABLE_DEBUG_INFO = NO;
				MTL_FAST_MATH = YES;
				SDKROOT = iphoneos;
				SWIFT_COMPILATION_MODE = wholemodule;
				VALIDATE_PRODUCT = YES;
			};
			name = Release;
		};
		C6CE68A32B97FE790035B995 /* Debug */ = {
			isa = XCBuildConfiguration;
			buildSettings = {
				ASSETCATALOG_COMPILER_APPICON_NAME = AppIcon;
				ASSETCATALOG_COMPILER_GLOBAL_ACCENT_COLOR_NAME = AccentColor;
				CODE_SIGN_STYLE = Automatic;
				CURRENT_PROJECT_VERSION = 1;
				DEVELOPMENT_TEAM = RB9VS9T5P9;
				ENABLE_PREVIEWS = YES;
				GENERATE_INFOPLIST_FILE = YES;
				INFOPLIST_KEY_UIApplicationSceneManifest_Generation = YES;
				INFOPLIST_KEY_UIApplicationSupportsIndirectInputEvents = YES;
				INFOPLIST_KEY_UILaunchScreen_Generation = YES;
				INFOPLIST_KEY_UISupportedInterfaceOrientations_iPad = "UIInterfaceOrientationPortrait UIInterfaceOrientationPortraitUpsideDown UIInterfaceOrientationLandscapeLeft UIInterfaceOrientationLandscapeRight";
				INFOPLIST_KEY_UISupportedInterfaceOrientations_iPhone = "UIInterfaceOrientationPortrait UIInterfaceOrientationLandscapeLeft UIInterfaceOrientationLandscapeRight";
				LD_RUNPATH_SEARCH_PATHS = (
					"$(inherited)",
					"@executable_path/Frameworks",
				);
				MARKETING_VERSION = 1.0;
				PRODUCT_BUNDLE_IDENTIFIER = "com.adin-apple.PalRepo";
				PRODUCT_NAME = "$(TARGET_NAME)";
				SWIFT_EMIT_LOC_STRINGS = YES;
				SWIFT_VERSION = 5.0;
				TARGETED_DEVICE_FAMILY = "1,2";
			};
			name = Debug;
		};
		C6CE68A42B97FE790035B995 /* Release */ = {
			isa = XCBuildConfiguration;
			buildSettings = {
				ASSETCATALOG_COMPILER_APPICON_NAME = AppIcon;
				ASSETCATALOG_COMPILER_GLOBAL_ACCENT_COLOR_NAME = AccentColor;
				CODE_SIGN_STYLE = Automatic;
				CURRENT_PROJECT_VERSION = 1;
				DEVELOPMENT_TEAM = RB9VS9T5P9;
				ENABLE_PREVIEWS = YES;
				GENERATE_INFOPLIST_FILE = YES;
				INFOPLIST_KEY_UIApplicationSceneManifest_Generation = YES;
				INFOPLIST_KEY_UIApplicationSupportsIndirectInputEvents = YES;
				INFOPLIST_KEY_UILaunchScreen_Generation = YES;
				INFOPLIST_KEY_UISupportedInterfaceOrientations_iPad = "UIInterfaceOrientationPortrait UIInterfaceOrientationPortraitUpsideDown UIInterfaceOrientationLandscapeLeft UIInterfaceOrientationLandscapeRight";
				INFOPLIST_KEY_UISupportedInterfaceOrientations_iPhone = "UIInterfaceOrientationPortrait UIInterfaceOrientationLandscapeLeft UIInterfaceOrientationLandscapeRight";
				LD_RUNPATH_SEARCH_PATHS = (
					"$(inherited)",
					"@executable_path/Frameworks",
				);
				MARKETING_VERSION = 1.0;
				PRODUCT_BUNDLE_IDENTIFIER = "com.adin-apple.PalRepo";
				PRODUCT_NAME = "$(TARGET_NAME)";
				SWIFT_EMIT_LOC_STRINGS = YES;
				SWIFT_VERSION = 5.0;
				TARGETED_DEVICE_FAMILY = "1,2";
			};
			name = Release;
		};
/* End XCBuildConfiguration section */

/* Begin XCConfigurationList section */
		C6CE688D2B97FE780035B995 /* Build configuration list for PBXProject "PalRepo" */ = {
			isa = XCConfigurationList;
			buildConfigurations = (
				C6CE68A02B97FE790035B995 /* Debug */,
				C6CE68A12B97FE790035B995 /* Release */,
			);
			defaultConfigurationIsVisible = 0;
			defaultConfigurationName = Release;
		};
		C6CE68A22B97FE790035B995 /* Build configuration list for PBXNativeTarget "PalRepo" */ = {
			isa = XCConfigurationList;
			buildConfigurations = (
				C6CE68A32B97FE790035B995 /* Debug */,
				C6CE68A42B97FE790035B995 /* Release */,
			);
			defaultConfigurationIsVisible = 0;
			defaultConfigurationName = Release;
		};
/* End XCConfigurationList section */
	};
	rootObject = C6CE688A2B97FE780035B995 /* Project object */;
}
